
Microsoft Visual Studio Solution File, Format Version 12.00
# Visual Studio Version 17
VisualStudioVersion = 17.3.32804.467
MinimumVisualStudioVersion = 10.0.40219.1
Project("{8BC9CEB8-8B4A-11D0-8D11-00A0C91BC942}") = "CMP202 Assignment", "CMP202 Assignment.vcxproj", "{C7B775C1-042D-4994-86ED-F3EF80C8AE95}"
EndProject
Global
	GlobalSection(SolutionConfigurationPlatforms) = preSolution
		Debug|x64 = Debug|x64
		Debug|x86 = Debug|x86
		Release|x64 = Release|x64
		Release|x86 = Release|x86
	EndGlobalSection
	GlobalSection(ProjectConfigurationPlatforms) = postSolution
		{C7B775C1-042D-4994-86ED-F3EF80C8AE95}.Debug|x64.ActiveCfg = Debug|x64
		{C7B775C1-042D-4994-86ED-F3EF80C8AE95}.Debug|x64.Build.0 = Debug|x64
		{C7B775C1-042D-4994-86ED-F3EF80C8AE95}.Debug|x86.ActiveCfg = Debug|Win32
		{C7B775C1-042D-4994-86ED-F3EF80C8AE95}.Debug|x86.Build.0 = Debug|Win32
		{C7B775C1-042D-4994-86ED-F3EF80C8AE95}.Release|x64.ActiveCfg = Release|x64
		{C7B775C1-042D-4994-86ED-F3EF80C8AE95}.Release|x64.Build.0 = Release|x64
		{C7B775C1-042D-4994-86ED-F3EF80C8AE95}.Release|x86.ActiveCfg = Release|Win32
		{C7B775C1-042D-4994-86ED-F3EF80C8AE95}.Release|x86.Build.0 = Release|Win32
	EndGlobalSection
	GlobalSection(SolutionProperties) = preSolution
		HideSolutionNode = FALSE
	EndGlobalSection
	GlobalSection(ExtensibilityGlobals) = postSolution
		SolutionGuid = {4C11FA3A-49E9-40F8-A1C2-09741EDFD6E1}
	EndGlobalSection
EndGlobal
